// !$*UTF8*$!
{
	archiveVersion = 1;
	classes = {
	};
	objectVersion = 46;
	objects = {

/* Begin PBXBuildFile section */
		A00000000000000000000201 /* KCM.fr in Sources */ = {isa = PBXBuildFile; fileRef = A00000000000000000000101 /* KCM.fr */; };
		A00000000000000000000202 /* SDKPlugInEntrypoint.cpp in Sources */ = {isa = PBXBuildFile; fileRef = A00000000000000000000102 /* SDKPlugInEntrypoint.cpp */; };
		A00000000000000000000203 /* SDKFileHelper.cpp in Sources */ = {isa = PBXBuildFile; fileRef = A00000000000000000000103 /* SDKFileHelper.cpp */; };
		A00000000000000000000204 /* KCMNoStrip.cpp in Sources */ = {isa = PBXBuildFile; fileRef = A00000000000000000000104 /* KCMNoStrip.cpp */; };
		A00000000000000000000205 /* KCMID.cpp in Sources */ = {isa = PBXBuildFile; fileRef = A00000000000000000000105 /* KCMID.cpp */; };
		A00000000000000000000206 /* KCMActionComponent.cpp in Sources */ = {isa = PBXBuildFile; fileRef = A00000000000000000000106 /* KCMActionComponent.cpp */; };
		A00000000000000000000207 /* KCMChangeNav.cpp in Sources */ = {isa = PBXBuildFile; fileRef = A00000000000000000000107 /* KCMChangeNav.cpp */; };
		A00000000000000000000208 /* KCMChangedPagesTSV.cpp in Sources */ = {isa = PBXBuildFile; fileRef = A00000000000000000000108 /* KCMChangedPagesTSV.cpp */; };
		A00000000000000000000209 /* KCMColorSampler.cpp in Sources */ = {isa = PBXBuildFile; fileRef = A00000000000000000000109 /* KCMColorSampler.cpp */; };
		A0000000000000000000020A /* KCMCore.cpp in Sources */ = {isa = PBXBuildFile; fileRef = A0000000000000000000010A /* KCMCore.cpp */; };
		A0000000000000000000020B /* KCMCursorProvider.cpp in Sources */ = {isa = PBXBuildFile; fileRef = A0000000000000000000010B /* KCMCursorProvider.cpp */; };
		A0000000000000000000020C /* KCMDocResponder.cpp in Sources */ = {isa = PBXBuildFile; fileRef = A0000000000000000000010C /* KCMDocResponder.cpp */; };
		A0000000000000000000020D /* KCMDocServiceProvider.cpp in Sources */ = {isa = PBXBuildFile; fileRef = A0000000000000000000010D /* KCMDocServiceProvider.cpp */; };
		A0000000000000000000020E /* KCMDrawEventHandler.cpp in Sources */ = {isa = PBXBuildFile; fileRef = A0000000000000000000010E /* KCMDrawEventHandler.cpp */; };
		A0000000000000000000020F /* KCMIconTip.cpp in Sources */ = {isa = PBXBuildFile; fileRef = A0000000000000000000010F /* KCMIconTip.cpp */; };
		A00000000000000000000210 /* KCMOversetScan.cpp in Sources */ = {isa = PBXBuildFile; fileRef = A00000000000000000000110 /* KCMOversetScan.cpp */; };
		A00000000000000000000211 /* KCMPageCheck.cpp in Sources */ = {isa = PBXBuildFile; fileRef = A00000000000000000000111 /* KCMPageCheck.cpp */; };
		A00000000000000000000212 /* KCMPageMap.cpp in Sources */ = {isa = PBXBuildFile; fileRef = A00000000000000000000112 /* KCMPageMap.cpp */; };
		A00000000000000000000213 /* KCMPageNumberMarker.cpp in Sources */ = {isa = PBXBuildFile; fileRef = A00000000000000000000113 /* KCMPageNumberMarker.cpp */; };
		A00000000000000000000214 /* KCMPanelObserver.cpp in Sources */ = {isa = PBXBuildFile; fileRef = A00000000000000000000114 /* KCMPanelObserver.cpp */; };
		A00000000000000000000215 /* KCMPanelState.cpp in Sources */ = {isa = PBXBuildFile; fileRef = A00000000000000000000115 /* KCMPanelState.cpp */; };
		A00000000000000000000216 /* KCMPeek.cpp in Sources */ = {isa = PBXBuildFile; fileRef = A00000000000000000000116 /* KCMPeek.cpp */; };
		A00000000000000000000217 /* KCMScrollMap.cpp in Sources */ = {isa = PBXBuildFile; fileRef = A00000000000000000000117 /* KCMScrollMap.cpp */; };
		A00000000000000000000218 /* KCMThumbIdleTask.cpp in Sources */ = {isa = PBXBuildFile; fileRef = A00000000000000000000118 /* KCMThumbIdleTask.cpp */; };
		A00000000000000000000219 /* KCMThumbnailRefresh.cpp in Sources */ = {isa = PBXBuildFile; fileRef = A00000000000000000000119 /* KCMThumbnailRefresh.cpp */; };
		A0000000000000000000021A /* KCMTool.cpp in Sources */ = {isa = PBXBuildFile; fileRef = A0000000000000000000011A /* KCMTool.cpp */; };
		A0000000000000000000021B /* KCMTracker.cpp in Sources */ = {isa = PBXBuildFile; fileRef = A0000000000000000000011B /* KCMTracker.cpp */; };
		A0000000000000000000021C /* KCMTrackerRegister.cpp in Sources */ = {isa = PBXBuildFile; fileRef = A0000000000000000000011C /* KCMTrackerRegister.cpp */; };
		A00000000000000000000017 /* InDesignModelAndUI.framework in Frameworks */ = {isa = PBXBuildFile; fileRef = A00000000000000000000015 /* InDesignModelAndUI.framework */; };
		A00000000000000000000018 /* libPublicPlugIn.a in Frameworks */ = {isa = PBXBuildFile; fileRef = A00000000000000000000016 /* libPublicPlugIn.a */; };
/* End PBXBuildFile section */

/* Begin PBXBuildRule section */
		A0000000000000000000000F /* PBXBuildRule */ = {
			isa = PBXBuildRule;
			compilerSpec = com.apple.compilers.proxy.script;
			filePatterns = "*.fr";
			runOncePerArchitecture = 0;
			fileType = pattern.proxy;
			isEditable = 1;
			outputFiles = (
				"$(REZ_COLLECTOR_DIR)/$(INPUT_FILE_NAME).rsrc",
			);
			script = "$ID_SDK_ROOT/devtools/bin/odfrc-cmd -d RELEASE $ODFRC_ADDITIONAL_FLAGS -i \"$ID_SDK_ROOT/source/sdksamples/KCM\" -o \"$REZ_COLLECTOR_DIR/$INPUT_FILE_NAME.rsrc\" \"$INPUT_FILE_PATH\"";
		};
/* End PBXBuildRule section */

/* Begin PBXFileReference section */
		A00000000000000000000015 /* InDesignModelAndUI.framework */ = {isa = PBXFileReference; lastKnownFileType = wrapper.framework; name = InDesignModelAndUI.framework; path = ../release_cocoa64/packagefolder/contents/macos/InDesignModelAndUI.framework; sourceTree = SOURCE_ROOT; };
		A00000000000000000000016 /* libPublicPlugIn.a */ = {isa = PBXFileReference; lastKnownFileType = archive.ar; name = libPublicPlugIn.a; path = ../release_cocoa64/packagefolder/contents/macos/libs/libPublicPlugIn.a; sourceTree = SOURCE_ROOT; };
		A00000000000000000000019 /* KohakuExtendScriptChangeMarkerPlugin.xcconfig */ = {isa = PBXFileReference; fileEncoding = 30; lastKnownFileType = text.xcconfig; path = KohakuExtendScriptChangeMarkerPlugin.xcconfig; sourceTree = SOURCE_ROOT; };
		A0000000000000000000001A /* KohakuExtendScriptChangeMarkerPlugin_release.xcconfig */ = {isa = PBXFileReference; fileEncoding = 4; lastKnownFileType = text.xcconfig; path = KohakuExtendScriptChangeMarkerPlugin_release.xcconfig; sourceTree = "<group>"; };
		A0000000000000000000001B /* _shared_build_settings/common_release.xcconfig */ = {isa = PBXFileReference; fileEncoding = 30; lastKnownFileType = text.xcconfig; path = _shared_build_settings/common_release.xcconfig; sourceTree = SOURCE_ROOT; };
		A0000000000000000000001C /* Info.plist */ = {isa = PBXFileReference; fileEncoding = 4; lastKnownFileType = text.plist.xml; name = Info.plist; path = ../../../source/sdksamples/common/Info.plist; sourceTree = SOURCE_ROOT; };
		A00000000000000000000014 /* KohakuChangeMarker.InDesignPlugin */ = {isa = PBXFileReference; explicitFileType = wrapper.framework; includeInIndex = 0; path = KohakuChangeMarker.InDesignPlugin; sourceTree = BUILT_PRODUCTS_DIR; };
		A00000000000000000000101 /* KCM.fr */ = {isa = PBXFileReference; lastKnownFileType = text; name = KCM.fr; path = ../../../source/sdksamples/KCM/KCM.fr; sourceTree = SOURCE_ROOT; };
		A00000000000000000000102 /* SDKPlugInEntrypoint.cpp */ = {isa = PBXFileReference; lastKnownFileType = sourcecode.cpp.cpp; name = SDKPlugInEntrypoint.cpp; path = ../../../source/sdksamples/common/SDKPlugInEntrypoint.cpp; sourceTree = SOURCE_ROOT; };
		A00000000000000000000103 /* SDKFileHelper.cpp */ = {isa = PBXFileReference; lastKnownFileType = sourcecode.cpp.cpp; name = SDKFileHelper.cpp; path = ../../../source/sdksamples/common/SDKFileHelper.cpp; sourceTree = SOURCE_ROOT; };
		A00000000000000000000104 /* KCMNoStrip.cpp */ = {isa = PBXFileReference; lastKnownFileType = sourcecode.cpp.cpp; name = KCMNoStrip.cpp; path = ../../../source/sdksamples/KCM/KCMNoStrip.cpp; sourceTree = SOURCE_ROOT; };
		A00000000000000000000105 /* KCMID.cpp */ = {isa = PBXFileReference; lastKnownFileType = sourcecode.cpp.cpp; name = KCMID.cpp; path = ../../../source/sdksamples/KCM/KCMID.cpp; sourceTree = SOURCE_ROOT; };
		A00000000000000000000106 /* KCMActionComponent.cpp */ = {isa = PBXFileReference; lastKnownFileType = sourcecode.cpp.cpp; name = KCMActionComponent.cpp; path = ../../../source/sdksamples/KCM/KCMActionComponent.cpp; sourceTree = SOURCE_ROOT; };
		A00000000000000000000107 /* KCMChangeNav.cpp */ = {isa = PBXFileReference; lastKnownFileType = sourcecode.cpp.cpp; name = KCMChangeNav.cpp; path = ../../../source/sdksamples/KCM/KCMChangeNav.cpp; sourceTree = SOURCE_ROOT; };
		A00000000000000000000108 /* KCMChangedPagesTSV.cpp */ = {isa = PBXFileReference; lastKnownFileType = sourcecode.cpp.cpp; name = KCMChangedPagesTSV.cpp; path = ../../../source/sdksamples/KCM/KCMChangedPagesTSV.cpp; sourceTree = SOURCE_ROOT; };
		A00000000000000000000109 /* KCMColorSampler.cpp */ = {isa = PBXFileReference; lastKnownFileType = sourcecode.cpp.cpp; name = KCMColorSampler.cpp; path = ../../../source/sdksamples/KCM/KCMColorSampler.cpp; sourceTree = SOURCE_ROOT; };
		A0000000000000000000010A /* KCMCore.cpp */ = {isa = PBXFileReference; lastKnownFileType = sourcecode.cpp.cpp; name = KCMCore.cpp; path = ../../../source/sdksamples/KCM/KCMCore.cpp; sourceTree = SOURCE_ROOT; };
		A0000000000000000000010B /* KCMCursorProvider.cpp */ = {isa = PBXFileReference; lastKnownFileType = sourcecode.cpp.cpp; name = KCMCursorProvider.cpp; path = ../../../source/sdksamples/KCM/KCMCursorProvider.cpp; sourceTree = SOURCE_ROOT; };
		A0000000000000000000010C /* KCMDocResponder.cpp */ = {isa = PBXFileReference; lastKnownFileType = sourcecode.cpp.cpp; name = KCMDocResponder.cpp; path = ../../../source/sdksamples/KCM/KCMDocResponder.cpp; sourceTree = SOURCE_ROOT; };
		A0000000000000000000010D /* KCMDocServiceProvider.cpp */ = {isa = PBXFileReference; lastKnownFileType = sourcecode.cpp.cpp; name = KCMDocServiceProvider.cpp; path = ../../../source/sdksamples/KCM/KCMDocServiceProvider.cpp; sourceTree = SOURCE_ROOT; };
		A0000000000000000000010E /* KCMDrawEventHandler.cpp */ = {isa = PBXFileReference; lastKnownFileType = sourcecode.cpp.cpp; name = KCMDrawEventHandler.cpp; path = ../../../source/sdksamples/KCM/KCMDrawEventHandler.cpp; sourceTree = SOURCE_ROOT; };
		A0000000000000000000010F /* KCMIconTip.cpp */ = {isa = PBXFileReference; lastKnownFileType = sourcecode.cpp.cpp; name = KCMIconTip.cpp; path = ../../../source/sdksamples/KCM/KCMIconTip.cpp; sourceTree = SOURCE_ROOT; };
		A00000000000000000000110 /* KCMOversetScan.cpp */ = {isa = PBXFileReference; lastKnownFileType = sourcecode.cpp.cpp; name = KCMOversetScan.cpp; path = ../../../source/sdksamples/KCM/KCMOversetScan.cpp; sourceTree = SOURCE_ROOT; };
		A00000000000000000000111 /* KCMPageCheck.cpp */ = {isa = PBXFileReference; lastKnownFileType = sourcecode.cpp.cpp; name = KCMPageCheck.cpp; path = ../../../source/sdksamples/KCM/KCMPageCheck.cpp; sourceTree = SOURCE_ROOT; };
		A00000000000000000000112 /* KCMPageMap.cpp */ = {isa = PBXFileReference; lastKnownFileType = sourcecode.cpp.cpp; name = KCMPageMap.cpp; path = ../../../source/sdksamples/KCM/KCMPageMap.cpp; sourceTree = SOURCE_ROOT; };
		A00000000000000000000113 /* KCMPageNumberMarker.cpp */ = {isa = PBXFileReference; lastKnownFileType = sourcecode.cpp.cpp; name = KCMPageNumberMarker.cpp; path = ../../../source/sdksamples/KCM/KCMPageNumberMarker.cpp; sourceTree = SOURCE_ROOT; };
		A00000000000000000000114 /* KCMPanelObserver.cpp */ = {isa = PBXFileReference; lastKnownFileType = sourcecode.cpp.cpp; name = KCMPanelObserver.cpp; path = ../../../source/sdksamples/KCM/KCMPanelObserver.cpp; sourceTree = SOURCE_ROOT; };
		A00000000000000000000115 /* KCMPanelState.cpp */ = {isa = PBXFileReference; lastKnownFileType = sourcecode.cpp.cpp; name = KCMPanelState.cpp; path = ../../../source/sdksamples/KCM/KCMPanelState.cpp; sourceTree = SOURCE_ROOT; };
		A00000000000000000000116 /* KCMPeek.cpp */ = {isa = PBXFileReference; lastKnownFileType = sourcecode.cpp.cpp; name = KCMPeek.cpp; path = ../../../source/sdksamples/KCM/KCMPeek.cpp; sourceTree = SOURCE_ROOT; };
		A00000000000000000000117 /* KCMScrollMap.cpp */ = {isa = PBXFileReference; lastKnownFileType = sourcecode.cpp.cpp; name = KCMScrollMap.cpp; path = ../../../source/sdksamples/KCM/KCMScrollMap.cpp; sourceTree = SOURCE_ROOT; };
		A00000000000000000000118 /* KCMThumbIdleTask.cpp */ = {isa = PBXFileReference; lastKnownFileType = sourcecode.cpp.cpp; name = KCMThumbIdleTask.cpp; path = ../../../source/sdksamples/KCM/KCMThumbIdleTask.cpp; sourceTree = SOURCE_ROOT; };
		A00000000000000000000119 /* KCMThumbnailRefresh.cpp */ = {isa = PBXFileReference; lastKnownFileType = sourcecode.cpp.cpp; name = KCMThumbnailRefresh.cpp; path = ../../../source/sdksamples/KCM/KCMThumbnailRefresh.cpp; sourceTree = SOURCE_ROOT; };
		A0000000000000000000011A /* KCMTool.cpp */ = {isa = PBXFileReference; lastKnownFileType = sourcecode.cpp.cpp; name = KCMTool.cpp; path = ../../../source/sdksamples/KCM/KCMTool.cpp; sourceTree = SOURCE_ROOT; };
		A0000000000000000000011B /* KCMTracker.cpp */ = {isa = PBXFileReference; lastKnownFileType = sourcecode.cpp.cpp; name = KCMTracker.cpp; path = ../../../source/sdksamples/KCM/KCMTracker.cpp; sourceTree = SOURCE_ROOT; };
		A0000000000000000000011C /* KCMTrackerRegister.cpp */ = {isa = PBXFileReference; lastKnownFileType = sourcecode.cpp.cpp; name = KCMTrackerRegister.cpp; path = ../../../source/sdksamples/KCM/KCMTrackerRegister.cpp; sourceTree = SOURCE_ROOT; };
		A00000000000000000000301 /* KCMID.h */ = {isa = PBXFileReference; lastKnownFileType = sourcecode.c.h; name = KCMID.h; path = ../../../source/sdksamples/KCM/KCMID.h; sourceTree = SOURCE_ROOT; };
		A00000000000000000000302 /* SDKFileHelper.h */ = {isa = PBXFileReference; lastKnownFileType = sourcecode.c.h; name = SDKFileHelper.h; path = ../../../source/sdksamples/common/SDKFileHelper.h; sourceTree = SOURCE_ROOT; };
/* End PBXFileReference section */

/* Begin PBXFrameworksBuildPhase section */
		A0000000000000000000000C /* Frameworks */ = {
			isa = PBXFrameworksBuildPhase;
			buildActionMask = 2147483647;
			files = (
				A00000000000000000000017 /* InDesignModelAndUI.framework in Frameworks */,
				A00000000000000000000018 /* libPublicPlugIn.a in Frameworks */,
			);
			runOnlyForDeploymentPostprocessing = 0;
		};
/* End PBXFrameworksBuildPhase section */

/* Begin PBXGroup section */
		A00000000000000000000002 = {
			isa = PBXGroup;
			children = (
				A00000000000000000000004 /* Source */,
				A00000000000000000000006 /* Resources */,
				A00000000000000000000008 /* InDesign Libraries */,
				A00000000000000000000007 /* xcconfig */,
				A00000000000000000000003 /* Products */,
				A0000000000000000000001C /* Info.plist */,
			);
			sourceTree = "<group>";
		};
		A00000000000000000000003 /* Products */ = {
			isa = PBXGroup;
			children = (
				A00000000000000000000014 /* KohakuChangeMarker.InDesignPlugin */,
			);
			name = Products;
			sourceTree = "<group>";
		};
		A00000000000000000000004 /* Source */ = {
			isa = PBXGroup;
			children = (
				A00000000000000000000005 /* Plugin */,
				A00000000000000000000106 /* KCMActionComponent.cpp */,
				A00000000000000000000107 /* KCMChangeNav.cpp */,
				A00000000000000000000108 /* KCMChangedPagesTSV.cpp */,
				A00000000000000000000109 /* KCMColorSampler.cpp */,
				A0000000000000000000010A /* KCMCore.cpp */,
				A0000000000000000000010B /* KCMCursorProvider.cpp */,
				A0000000000000000000010C /* KCMDocResponder.cpp */,
				A0000000000000000000010D /* KCMDocServiceProvider.cpp */,
				A0000000000000000000010E /* KCMDrawEventHandler.cpp */,
				A0000000000000000000010F /* KCMIconTip.cpp */,
				A00000000000000000000110 /* KCMOversetScan.cpp */,
				A00000000000000000000111 /* KCMPageCheck.cpp */,
				A00000000000000000000112 /* KCMPageMap.cpp */,
				A00000000000000000000113 /* KCMPageNumberMarker.cpp */,
				A00000000000000000000114 /* KCMPanelObserver.cpp */,
				A00000000000000000000115 /* KCMPanelState.cpp */,
				A00000000000000000000116 /* KCMPeek.cpp */,
				A00000000000000000000117 /* KCMScrollMap.cpp */,
				A00000000000000000000118 /* KCMThumbIdleTask.cpp */,
				A00000000000000000000119 /* KCMThumbnailRefresh.cpp */,
				A0000000000000000000011A /* KCMTool.cpp */,
				A0000000000000000000011B /* KCMTracker.cpp */,
				A0000000000000000000011C /* KCMTrackerRegister.cpp */,
			);
			name = Source;
			sourceTree = "<group>";
		};
		A00000000000000000000005 /* Plugin */ = {
			isa = PBXGroup;
			children = (
				A00000000000000000000102 /* SDKPlugInEntrypoint.cpp */,
				A00000000000000000000302 /* SDKFileHelper.h */,
				A00000000000000000000103 /* SDKFileHelper.cpp */,
				A00000000000000000000104 /* KCMNoStrip.cpp */,
				A00000000000000000000301 /* KCMID.h */,
				A00000000000000000000105 /* KCMID.cpp */,
			);
			name = Plugin;
			sourceTree = "<group>";
		};
		A00000000000000000000006 /* Resources */ = {
			isa = PBXGroup;
			children = (
				A00000000000000000000101 /* KCM.fr */,
			);
			name = Resources;
			sourceTree = "<group>";
		};
		A00000000000000000000007 /* xcconfig */ = {
			isa = PBXGroup;
			children = (
				A0000000000000000000001B /* _shared_build_settings/common_release.xcconfig */,
				A00000000000000000000019 /* KohakuExtendScriptChangeMarkerPlugin.xcconfig */,
				A0000000000000000000001A /* KohakuExtendScriptChangeMarkerPlugin_release.xcconfig */,
			);
			name = xcconfig;
			sourceTree = "<group>";
		};
		A00000000000000000000008 /* InDesign Libraries */ = {
			isa = PBXGroup;
			children = (
				A00000000000000000000009 /* For Cocoa64 */,
			);
			name = "InDesign Libraries";
			sourceTree = "<group>";
		};
		A00000000000000000000009 /* For Cocoa64 */ = {
			isa = PBXGroup;
			children = (
				A00000000000000000000015 /* InDesignModelAndUI.framework */,
				A00000000000000000000016 /* libPublicPlugIn.a */,
			);
			name = "For Cocoa64";
			sourceTree = "<group>";
		};
/* End PBXGroup section */

/* Begin PBXNativeTarget section */
		A0000000000000000000000A /* Release_Cocoa64 */ = {
			isa = PBXNativeTarget;
			buildConfigurationList = A00000000000000000000011 /* Build configuration list for PBXNativeTarget "Release_Cocoa64" */;
			buildPhases = (
				A0000000000000000000000B /* Sources */,
				A0000000000000000000000C /* Frameworks */,
				A0000000000000000000000D /* Resources */,
				A0000000000000000000000E /* ShellScript */,
			);
			buildRules = (
				A0000000000000000000000F /* PBXBuildRule */,
			);
			dependencies = (
			);
			name = Release_Cocoa64;
			productName = Release;
			productReference = A00000000000000000000014 /* KohakuChangeMarker.InDesignPlugin */;
			productType = "com.apple.product-type.framework";
		};
/* End PBXNativeTarget section */

/* Begin PBXProject section */
		A00000000000000000000001 /* Project object */ = {
			isa = PBXProject;
			buildConfigurationList = A00000000000000000000010 /* Build configuration list for PBXProject "KohakuExtendScriptChangeMarker" */;
			compatibilityVersion = "Xcode 3.2";
			developmentRegion = English;
			hasScannedForEncodings = 0;
			knownRegions = (
				English,
				Japanese,
				French,
				German,
			);
			mainGroup = A00000000000000000000002;
			productRefGroup = A00000000000000000000003 /* Products */;
			projectDirPath = "";
			projectRoot = "";
			targets = (
				A0000000000000000000000A /* Release_Cocoa64 */,
			);
		};
/* End PBXProject section */

/* Begin PBXResourcesBuildPhase section */
		A0000000000000000000000D /* Resources */ = {
			isa = PBXResourcesBuildPhase;
			buildActionMask = 2147483647;
			files = (
			);
			runOnlyForDeploymentPostprocessing = 0;
		};
/* End PBXResourcesBuildPhase section */

/* Begin PBXShellScriptBuildPhase section */
		A0000000000000000000000E /* ShellScript */ = {
			isa = PBXShellScriptBuildPhase;
			buildActionMask = 2147483647;
			files = (
			);
			inputPaths = (
			);
			outputPaths = (
				$REZ_COLLECTOR_DIR/resourcesCopied.txt,
			);
			runOnlyForDeploymentPostprocessing = 0;
			shellPath = /bin/sh;
			shellScript = ../packagescripts/copyResources.sh;
			showEnvVarsInLog = 0;
		};
/* End PBXShellScriptBuildPhase section */

/* Begin PBXSourcesBuildPhase section */
		A0000000000000000000000B /* Sources */ = {
			isa = PBXSourcesBuildPhase;
			buildActionMask = 2147483647;
			files = (
				A00000000000000000000201 /* KCM.fr in Sources */,
				A00000000000000000000202 /* SDKPlugInEntrypoint.cpp in Sources */,
				A00000000000000000000203 /* SDKFileHelper.cpp in Sources */,
				A00000000000000000000204 /* KCMNoStrip.cpp in Sources */,
				A00000000000000000000205 /* KCMID.cpp in Sources */,
				A00000000000000000000206 /* KCMActionComponent.cpp in Sources */,
				A00000000000000000000207 /* KCMChangeNav.cpp in Sources */,
				A00000000000000000000208 /* KCMChangedPagesTSV.cpp in Sources */,
				A00000000000000000000209 /* KCMColorSampler.cpp in Sources */,
				A0000000000000000000020A /* KCMCore.cpp in Sources */,
				A0000000000000000000020B /* KCMCursorProvider.cpp in Sources */,
				A0000000000000000000020C /* KCMDocResponder.cpp in Sources */,
				A0000000000000000000020D /* KCMDocServiceProvider.cpp in Sources */,
				A0000000000000000000020E /* KCMDrawEventHandler.cpp in Sources */,
				A0000000000000000000020F /* KCMIconTip.cpp in Sources */,
				A00000000000000000000210 /* KCMOversetScan.cpp in Sources */,
				A00000000000000000000211 /* KCMPageCheck.cpp in Sources */,
				A00000000000000000000212 /* KCMPageMap.cpp in Sources */,
				A00000000000000000000213 /* KCMPageNumberMarker.cpp in Sources */,
				A00000000000000000000214 /* KCMPanelObserver.cpp in Sources */,
				A00000000000000000000215 /* KCMPanelState.cpp in Sources */,
				A00000000000000000000216 /* KCMPeek.cpp in Sources */,
				A00000000000000000000217 /* KCMScrollMap.cpp in Sources */,
				A00000000000000000000218 /* KCMThumbIdleTask.cpp in Sources */,
				A00000000000000000000219 /* KCMThumbnailRefresh.cpp in Sources */,
				A0000000000000000000021A /* KCMTool.cpp in Sources */,
				A0000000000000000000021B /* KCMTracker.cpp in Sources */,
				A0000000000000000000021C /* KCMTrackerRegister.cpp in Sources */,
			);
			runOnlyForDeploymentPostprocessing = 0;
		};
/* End PBXSourcesBuildPhase section */

/* Begin XCBuildConfiguration section */
		A00000000000000000000012 /* Default */ = {
			isa = XCBuildConfiguration;
			baseConfigurationReference = A00000000000000000000019 /* KohakuExtendScriptChangeMarkerPlugin.xcconfig */;
			buildSettings = {
				CODE_SIGN_IDENTITY = "";
				BUILT_PRODUCTS_DIR = "$(ID_BUILT_SDK_SAMPLES_DIR)";
				HEADER_SEARCH_PATHS = (
					"$(HEADER_SEARCH_PATHS)",
					$ID_SDK_ROOT/source/public/interfaces/tables,
					$ID_SDK_ROOT/source/public/components/widgetbin/includes,
					$ID_SDK_ROOT/source/public/interfaces/workgroup,
					$ID_SDK_ROOT/source/public/interfaces/interactive,
					$ID_SDK_ROOT/source/public/interfaces/interactive/ui,
					$ID_SDK_ROOT/source/public/interfaces/colormgmt,
					$ID_SDK_ROOT/source/public/interfaces/incopy,
					$ID_SDK_ROOT/source/public/interfaces/cjk,
					$ID_SDK_ROOT/source/public/interfaces/preflight,
					$ID_SDK_ROOT/source/public/facades/graphics,
					$ID_SDK_ROOT/source/public/facades/text,
					$ID_SDK_ROOT/source/public/facades/layout,
					$ID_SDK_ROOT/source/public/components/publiclib/plugins,
					$ID_SDK_ROOT/source/public/components/publiclib/files,
					$ID_SDK_ROOT/source/public/components/publiclib/objectmodel,
					$ID_SDK_ROOT/source/sdksamples/common,
					$ID_SDK_ROOT/external/afl/includes,
					$ID_SDK_ROOT/external/dva/third_party/boost_libraries,
					../../../source/sdksamples/KCM,
				);
				INFOPLIST_FILE = $ID_SDK_ROOT/source/sdksamples/common/Info.plist;
				INFOPLIST_PREPROCESS = YES;
				PLC_OUTPUT_TYPE = InDa;
				PRODUCT_NAME = KohakuChangeMarker;
			};
			name = Default;
		};
		A00000000000000000000013 /* Default */ = {
			isa = XCBuildConfiguration;
			baseConfigurationReference = A0000000000000000000001A /* KohakuExtendScriptChangeMarkerPlugin_release.xcconfig */;
			buildSettings = {
				CODE_SIGN_IDENTITY = "";
			};
			name = Default;
		};
/* End XCBuildConfiguration section */

/* Begin XCConfigurationList section */
		A00000000000000000000010 /* Build configuration list for PBXProject "KohakuExtendScriptChangeMarker" */ = {
			isa = XCConfigurationList;
			buildConfigurations = (
				A00000000000000000000012 /* Default */,
			);
			defaultConfigurationIsVisible = 1;
			defaultConfigurationName = Default;
		};
		A00000000000000000000011 /* Build configuration list for PBXNativeTarget "Release_Cocoa64" */ = {
			isa = XCConfigurationList;
			buildConfigurations = (
				A00000000000000000000013 /* Default */,
			);
			defaultConfigurationIsVisible = 0;
			defaultConfigurationName = Default;
		};
/* End XCConfigurationList section */
	};
	rootObject = A00000000000000000000001 /* Project object */;
}
