<?xml version="1.0" encoding="utf-8"?>
<Project xmlns="http://schemas.microsoft.com/developer/msbuild/2003" ToolsVersion="4.0">
   <ItemGroup>
      <Filter Include="Source Files">
         <UniqueIdentifier>{78120e3d-d0ab-4f9e-8a3a-c5e6c5ed0b2c}</UniqueIdentifier>
      </Filter>
      <Filter Include="Source Files\Plugin">
         <UniqueIdentifier>{29e08cac-b659-428b-bf02-c70f84b41ddf}</UniqueIdentifier>
      </Filter>
      <Filter Include="Header Files">
         <UniqueIdentifier>{7b823eb7-8f35-4529-a4c1-555b53468c58}</UniqueIdentifier>
      </Filter>
      <Filter Include="Resource Files">
         <UniqueIdentifier>{4da94837-4922-4930-b2ec-472d16090ed6}</UniqueIdentifier>
      </Filter>
   </ItemGroup>
   <ItemGroup>
      <ClCompile Include="..\..\..\source\sdksamples\KCM\ui\KCMIconTip.cpp">
         <Filter>Source Files</Filter>
      </ClCompile>
      <ClCompile Include="..\..\..\source\sdksamples\KCM\ui\KCMNoTip.cpp">
         <Filter>Source Files</Filter>
      </ClCompile>
      <ClCompile Include="..\..\..\source\sdksamples\KCM\ui\KCMSplitterEH.cpp">
         <Filter>Source Files</Filter>
      </ClCompile>
      <ClCompile Include="..\..\..\source\sdksamples\KCM\ui\KCMPanelView.cpp">
         <Filter>Source Files</Filter>
      </ClCompile>
      <ClCompile Include="..\..\..\source\sdksamples\KCM\ui\KCMPanelObserver.cpp">
         <Filter>Source Files</Filter>
      </ClCompile>
      <ClCompile Include="..\..\..\source\sdksamples\KCM\ui\KCMUIStartup.cpp">
         <Filter>Source Files</Filter>
      </ClCompile>
      <ClCompile Include="..\..\..\source\sdksamples\KCM\ui\KCMUIDrawEvent.cpp">
         <Filter>Source Files</Filter>
      </ClCompile>
      <ClCompile Include="..\..\..\source\sdksamples\KCM\ui\KCMModelChangeObserver.cpp">
         <Filter>Source Files</Filter>
      </ClCompile>
      <ClCompile Include="..\..\..\source\sdksamples\KCM\ui\KCMActionComponent.cpp">
         <Filter>Source Files</Filter>
      </ClCompile>
      <ClCompile Include="..\..\..\source\sdksamples\KCM\ui\KCMStoryTreeAdapter.cpp">
         <Filter>Source Files</Filter>
      </ClCompile>
      <ClCompile Include="..\..\..\source\sdksamples\KCM\ui\KCMStoryTreeWidgetMgr.cpp">
         <Filter>Source Files</Filter>
      </ClCompile>
      <ClCompile Include="..\..\..\source\sdksamples\KCM\ui\KCMStoryTreeEH.cpp">
         <Filter>Source Files</Filter>
      </ClCompile>
      <ClCompile Include="..\..\..\source\sdksamples\KCM\ui\KCMStoryCellView.cpp">
         <Filter>Source Files</Filter>
      </ClCompile>
      <ClCompile Include="..\..\..\source\sdksamples\KCM\ui\KCMStatusTextView.cpp">
         <Filter>Source Files</Filter>
      </ClCompile>
      <ClCompile Include="..\..\..\source\sdksamples\KCM\ui\KCMStoryPressMarks.cpp">
         <Filter>Source Files</Filter>
      </ClCompile>
      <ClCompile Include="..\..\..\source\sdksamples\KCM\ui\KCMStoryRowEH.cpp">
         <Filter>Source Files</Filter>
      </ClCompile>
      <ClCompile Include="..\..\..\source\sdksamples\KCM\ui\KCMStorySectionObserver.cpp">
         <Filter>Source Files</Filter>
      </ClCompile>
      <ClCompile Include="..\..\..\source\sdksamples\KCM\ui\KCMCursorProvider.cpp">
         <Filter>Source Files</Filter>
      </ClCompile>
      <ClCompile Include="..\..\..\source\sdksamples\KCM\ui\KCMTool.cpp">
         <Filter>Source Files</Filter>
      </ClCompile>
      <ClCompile Include="..\..\..\source\sdksamples\KCM\ui\KCMTracker.cpp">
         <Filter>Source Files</Filter>
      </ClCompile>
      <ClCompile Include="..\..\..\source\sdksamples\KCM\ui\KCMTrackerRegister.cpp">
         <Filter>Source Files</Filter>
      </ClCompile>
      <ClCompile Include="..\..\..\source\sdksamples\KCM\ui\KCMBookTreeAdapter.cpp">
         <Filter>Source Files</Filter>
      </ClCompile>
      <ClCompile Include="..\..\..\source\sdksamples\KCM\ui\KCMBookTreeWidgetMgr.cpp">
         <Filter>Source Files</Filter>
      </ClCompile>
      <ClCompile Include="..\..\..\source\sdksamples\KCM\ui\KCMBookRowEH.cpp">
         <Filter>Source Files</Filter>
      </ClCompile>
      <ClCompile Include="..\..\..\source\sdksamples\KCM\ui\KCMPanelAlpha.cpp">
         <Filter>Source Files</Filter>
      </ClCompile>
      <ClCompile Include="..\..\..\source\sdksamples\KCM\ui\KCMPathDisplay.cpp">
         <Filter>Source Files</Filter>
      </ClCompile>
      <ClCompile Include="..\..\..\source\sdksamples\KCM\ui\KCMPanelState.cpp">
         <Filter>Source Files</Filter>
      </ClCompile>
      <ClCompile Include="..\..\..\source\sdksamples\KCM\ui\KCMPanelTitle.cpp">
         <Filter>Source Files</Filter>
      </ClCompile>
      <ClCompile Include="..\..\..\source\sdksamples\KCM\ui\KCMScrollMap.cpp">
         <Filter>Source Files</Filter>
      </ClCompile>
      <ClCompile Include="..\..\..\source\sdksamples\KCM\ui\KCMStorySection.cpp">
         <Filter>Source Files</Filter>
      </ClCompile>
      <ClCompile Include="..\..\..\source\sdksamples\KCM\ui\KCMStoryJump.cpp">
         <Filter>Source Files</Filter>
      </ClCompile>
      <ClCompile Include="..\..\..\source\sdksamples\KCM\ui\KCMStoryRefresh.cpp">
         <Filter>Source Files</Filter>
      </ClCompile>
      <ClCompile Include="..\..\..\source\sdksamples\KCM\ui\KCMChangeNav.cpp">
         <Filter>Source Files</Filter>
      </ClCompile>
      <ClCompile Include="..\..\..\source\sdksamples\KCM\ui\KCMViewSync.cpp">
         <Filter>Source Files</Filter>
      </ClCompile>
      <ClCompile Include="..\..\..\source\sdksamples\KCM\ui\KCMViewLookup.cpp">
         <Filter>Source Files</Filter>
      </ClCompile>
      <ClCompile Include="..\..\..\source\sdksamples\KCM\ui\KCMPeekGesture.cpp">
         <Filter>Source Files</Filter>
      </ClCompile>
      <ClCompile Include="..\..\..\source\sdksamples\KCM\ui\KCMCmykCursor.cpp">
         <Filter>Source Files</Filter>
      </ClCompile>
      <ClCompile Include="..\..\..\source\sdksamples\KCM\ui\KCMTrackerHud.cpp">
         <Filter>Source Files</Filter>
      </ClCompile>
      <ClCompile Include="..\..\..\source\sdksamples\KCM\ui\KCMThumbnailRefresh.cpp">
         <Filter>Source Files</Filter>
      </ClCompile>
      <ClCompile Include="..\..\..\source\sdksamples\KCM\ui\KCMThumbIdleTask.cpp">
         <Filter>Source Files</Filter>
      </ClCompile>
      <ClCompile Include="..\..\..\source\sdksamples\KCM\ui\KCMBookDialog.cpp">
         <Filter>Source Files</Filter>
      </ClCompile>
      <ClCompile Include="..\..\..\source\sdksamples\KCM\ui\KCMBookRun.cpp">
         <Filter>Source Files</Filter>
      </ClCompile>
      <ClCompile Include="..\..\..\source\sdksamples\KCM\ui\KCMBookOpen.cpp">
         <Filter>Source Files</Filter>
      </ClCompile>
      <ClCompile Include="..\..\..\source\sdksamples\KCM\ui\KCMBookPanelLookup.cpp">
         <Filter>Source Files</Filter>
      </ClCompile>
      <ClCompile Include="$(id_sdk_dir)\source\public\libs\publiclib\statics\PlugInStatics.cpp">
         <Filter>Source Files\Plugin</Filter>
      </ClCompile>
      <ClCompile Include="$(ID_SDK_DIR)\source\sdksamples\common\SDKPlugInEntrypoint.cpp">
         <Filter>Source Files\Plugin</Filter>
      </ClCompile>
      <ClCompile Include="..\..\..\source\sdksamples\KCM\ui\KCMUIID.cpp">
         <Filter>Source Files\Plugin</Filter>
      </ClCompile>
      <ClCompile Include="..\..\..\source\sdksamples\KCM\ui\KCMUINoStrip.cpp">
         <Filter>Source Files\Plugin</Filter>
      </ClCompile>
      <ClCompile Include="..\..\..\source\sdksamples\KCM\ui\TriggerResourceDeps.cpp">
         <Filter>Source Files\Plugin</Filter>
      </ClCompile>
      <ClCompile Include="$(id_sdk_dir)\source\precomp\msvc\VCPlugInHeaders.cpp">
         <Filter>Source Files\Plugin</Filter>
      </ClCompile>
   </ItemGroup>
   <ItemGroup>
      <ClInclude Include="..\..\..\source\sdksamples\KCM\ui\KCMUIID.h">
         <Filter>Header Files</Filter>
      </ClInclude>
      <ClInclude Include="..\..\..\source\sdksamples\KCM\ui\KCMUIFactoryList.h">
         <Filter>Header Files</Filter>
      </ClInclude>
      <ClInclude Include="..\..\..\source\sdksamples\KCM\ui\KCMUIShared.h">
         <Filter>Header Files</Filter>
      </ClInclude>
      <ClInclude Include="..\..\..\source\sdksamples\KCM\ui\KCMStoryTree.h">
         <Filter>Header Files</Filter>
      </ClInclude>
      <ClInclude Include="..\..\..\source\sdksamples\KCM\ui\KCMStoryNodeID.h">
         <Filter>Header Files</Filter>
      </ClInclude>
      <ClInclude Include="..\..\..\source\sdksamples\KCM\ui\IKCMStoryCellData.h">
         <Filter>Header Files</Filter>
      </ClInclude>
      <ClInclude Include="..\..\..\source\sdksamples\KCM\ui\IKCMStatusTextData.h">
         <Filter>Header Files</Filter>
      </ClInclude>
      <ClInclude Include="..\..\..\source\sdksamples\KCM\ui\KCMPanelTextDraw.h">
         <Filter>Header Files</Filter>
      </ClInclude>
      <ClInclude Include="..\..\..\source\sdksamples\KCM\ui\KCMStoryPressMarks.h">
         <Filter>Header Files</Filter>
      </ClInclude>
      <ClInclude Include="..\..\..\source\sdksamples\KCM\ui\KCMCheckGlyph.h">
         <Filter>Header Files</Filter>
      </ClInclude>
      <ClInclude Include="..\..\..\source\sdksamples\KCM\ui\KCMBookTree.h">
         <Filter>Header Files</Filter>
      </ClInclude>
      <ClInclude Include="..\..\..\source\sdksamples\KCM\ui\KCMPanelAlpha.h">
         <Filter>Header Files</Filter>
      </ClInclude>
      <ClInclude Include="..\..\..\source\sdksamples\KCM\ui\KCMPathDisplay.h">
         <Filter>Header Files</Filter>
      </ClInclude>
      <ClInclude Include="..\..\..\source\sdksamples\KCM\ui\KCMPanelState.h">
         <Filter>Header Files</Filter>
      </ClInclude>
      <ClInclude Include="..\..\..\source\sdksamples\KCM\ui\KCMPanelTitle.h">
         <Filter>Header Files</Filter>
      </ClInclude>
      <ClInclude Include="..\..\..\source\sdksamples\KCM\ui\KCMScrollMap.h">
         <Filter>Header Files</Filter>
      </ClInclude>
      <ClInclude Include="..\..\..\source\sdksamples\KCM\ui\KCMStorySection.h">
         <Filter>Header Files</Filter>
      </ClInclude>
      <ClInclude Include="..\..\..\source\sdksamples\KCM\ui\KCMStoryJump.h">
         <Filter>Header Files</Filter>
      </ClInclude>
      <ClInclude Include="..\..\..\source\sdksamples\KCM\ui\KCMStoryRefresh.h">
         <Filter>Header Files</Filter>
      </ClInclude>
      <ClInclude Include="..\..\..\source\sdksamples\KCM\ui\KCMChangeNav.h">
         <Filter>Header Files</Filter>
      </ClInclude>
      <ClInclude Include="..\..\..\source\sdksamples\KCM\ui\KCMViewSync.h">
         <Filter>Header Files</Filter>
      </ClInclude>
      <ClInclude Include="..\..\..\source\sdksamples\KCM\ui\KCMViewLookup.h">
         <Filter>Header Files</Filter>
      </ClInclude>
      <ClInclude Include="..\..\..\source\sdksamples\KCM\ui\KCMPeekGesture.h">
         <Filter>Header Files</Filter>
      </ClInclude>
      <ClInclude Include="..\..\..\source\sdksamples\KCM\ui\KCMCmykCursor.h">
         <Filter>Header Files</Filter>
      </ClInclude>
      <ClInclude Include="..\..\..\source\sdksamples\KCM\ui\KCMTrackerHud.h">
         <Filter>Header Files</Filter>
      </ClInclude>
      <ClInclude Include="..\..\..\source\sdksamples\KCM\ui\KCMThumbnailRefresh.h">
         <Filter>Header Files</Filter>
      </ClInclude>
      <ClInclude Include="..\..\..\source\sdksamples\KCM\ui\KCMThumbIdleTask.h">
         <Filter>Header Files</Filter>
      </ClInclude>
      <ClInclude Include="..\..\..\source\sdksamples\KCM\ui\KCMBookDialog.h">
         <Filter>Header Files</Filter>
      </ClInclude>
      <ClInclude Include="..\..\..\source\sdksamples\KCM\ui\KCMBookRun.h">
         <Filter>Header Files</Filter>
      </ClInclude>
      <ClInclude Include="..\..\..\source\sdksamples\KCM\ui\KCMBookOpen.h">
         <Filter>Header Files</Filter>
      </ClInclude>
      <ClInclude Include="..\..\..\source\sdksamples\KCM\ui\KCMBookPanelLookup.h">
         <Filter>Header Files</Filter>
      </ClInclude>
   </ItemGroup>
   <ItemGroup>
      <ResourceCompile Include="..\..\..\source\sdksamples\KCM\ui\KCMUI.rc">
         <Filter>Resource Files</Filter>
      </ResourceCompile>
   </ItemGroup>
   <ItemGroup>
      <CustomBuild Include="..\..\..\source\sdksamples\KCM\ui\KCMUI.fr">
         <Filter>Resource Files</Filter>
      </CustomBuild>
   </ItemGroup>
   <ItemGroup>
      <None Include="..\..\..\source\sdksamples\KCM\ui\KCMUI_enUS.fr">
         <Filter>Resource Files</Filter>
      </None>
   </ItemGroup>
</Project>