<?xml version="1.0" encoding="utf-8"?>
<Project xmlns="http://schemas.microsoft.com/developer/msbuild/2003" ToolsVersion="4.0">
   <ItemGroup>
      <Filter Include="Source Files">
         <UniqueIdentifier>{78120e3d-d0ab-4f9e-8a3a-c5e6c5ed0b2c}</UniqueIdentifier>
      </Filter>
      <Filter Include="Source Files\Plugin">
         <UniqueIdentifier>{29e08cac-b659-428b-bf02-c70f84b41ddf}</UniqueIdentifier>
      </Filter>
      <Filter Include="Header Files">
         <UniqueIdentifier>{7b823eb7-8f35-4529-a4c1-555b53468c58}</UniqueIdentifier>
      </Filter>
      <Filter Include="Resource Files">
         <UniqueIdentifier>{4da94837-4922-4930-b2ec-472d16090ed6}</UniqueIdentifier>
      </Filter>
   </ItemGroup>
   <ItemGroup>
      <ClCompile Include="..\..\..\source\sdksamples\KESCM\ui\KESCMIconTip.cpp">
         <Filter>Source Files</Filter>
      </ClCompile>
      <ClCompile Include="..\..\..\source\sdksamples\KESCM\ui\KESCMNoTip.cpp">
         <Filter>Source Files</Filter>
      </ClCompile>
      <ClCompile Include="..\..\..\source\sdksamples\KESCM\ui\KESCMSplitterEH.cpp">
         <Filter>Source Files</Filter>
      </ClCompile>
      <ClCompile Include="..\..\..\source\sdksamples\KESCM\ui\KESCMPanelView.cpp">
         <Filter>Source Files</Filter>
      </ClCompile>
      <ClCompile Include="..\..\..\source\sdksamples\KESCM\ui\KESCMPanelObserver.cpp">
         <Filter>Source Files</Filter>
      </ClCompile>
      <ClCompile Include="..\..\..\source\sdksamples\KESCM\ui\KESCMUIStartup.cpp">
         <Filter>Source Files</Filter>
      </ClCompile>
      <ClCompile Include="..\..\..\source\sdksamples\KESCM\ui\KESCMUIDrawEvent.cpp">
         <Filter>Source Files</Filter>
      </ClCompile>
      <ClCompile Include="..\..\..\source\sdksamples\KESCM\ui\KESCMModelChangeObserver.cpp">
         <Filter>Source Files</Filter>
      </ClCompile>
      <ClCompile Include="..\..\..\source\sdksamples\KESCM\ui\KESCMActionComponent.cpp">
         <Filter>Source Files</Filter>
      </ClCompile>
      <ClCompile Include="..\..\..\source\sdksamples\KESCM\ui\KESCMStoryTreeAdapter.cpp">
         <Filter>Source Files</Filter>
      </ClCompile>
      <ClCompile Include="..\..\..\source\sdksamples\KESCM\ui\KESCMStoryTreeWidgetMgr.cpp">
         <Filter>Source Files</Filter>
      </ClCompile>
      <ClCompile Include="..\..\..\source\sdksamples\KESCM\ui\KESCMStoryTreeEH.cpp">
         <Filter>Source Files</Filter>
      </ClCompile>
      <ClCompile Include="..\..\..\source\sdksamples\KESCM\ui\KESCMStoryRowEH.cpp">
         <Filter>Source Files</Filter>
      </ClCompile>
      <ClCompile Include="..\..\..\source\sdksamples\KESCM\ui\KESCMStorySectionObserver.cpp">
         <Filter>Source Files</Filter>
      </ClCompile>
      <ClCompile Include="..\..\..\source\sdksamples\KESCM\ui\KESCMCursorProvider.cpp">
         <Filter>Source Files</Filter>
      </ClCompile>
      <ClCompile Include="..\..\..\source\sdksamples\KESCM\ui\KESCMTool.cpp">
         <Filter>Source Files</Filter>
      </ClCompile>
      <ClCompile Include="..\..\..\source\sdksamples\KESCM\ui\KESCMTracker.cpp">
         <Filter>Source Files</Filter>
      </ClCompile>
      <ClCompile Include="..\..\..\source\sdksamples\KESCM\ui\KESCMTrackerRegister.cpp">
         <Filter>Source Files</Filter>
      </ClCompile>
      <ClCompile Include="..\..\..\source\sdksamples\KESCM\ui\KESCMBookTreeAdapter.cpp">
         <Filter>Source Files</Filter>
      </ClCompile>
      <ClCompile Include="..\..\..\source\sdksamples\KESCM\ui\KESCMBookTreeWidgetMgr.cpp">
         <Filter>Source Files</Filter>
      </ClCompile>
      <ClCompile Include="..\..\..\source\sdksamples\KESCM\ui\KESCMBookRowEH.cpp">
         <Filter>Source Files</Filter>
      </ClCompile>
      <ClCompile Include="..\..\..\source\sdksamples\KESCM\ui\KESCMPanelAlpha.cpp">
         <Filter>Source Files</Filter>
      </ClCompile>
      <ClCompile Include="..\..\..\source\sdksamples\KESCM\ui\KESCMPathDisplay.cpp">
         <Filter>Source Files</Filter>
      </ClCompile>
      <ClCompile Include="..\..\..\source\sdksamples\KESCM\ui\KESCMPanelState.cpp">
         <Filter>Source Files</Filter>
      </ClCompile>
      <ClCompile Include="..\..\..\source\sdksamples\KESCM\ui\KESCMScrollMap.cpp">
         <Filter>Source Files</Filter>
      </ClCompile>
      <ClCompile Include="..\..\..\source\sdksamples\KESCM\ui\KESCMStorySection.cpp">
         <Filter>Source Files</Filter>
      </ClCompile>
      <ClCompile Include="..\..\..\source\sdksamples\KESCM\ui\KESCMStoryJump.cpp">
         <Filter>Source Files</Filter>
      </ClCompile>
      <ClCompile Include="..\..\..\source\sdksamples\KESCM\ui\KESCMChangeNav.cpp">
         <Filter>Source Files</Filter>
      </ClCompile>
      <ClCompile Include="..\..\..\source\sdksamples\KESCM\ui\KESCMViewSync.cpp">
         <Filter>Source Files</Filter>
      </ClCompile>
      <ClCompile Include="..\..\..\source\sdksamples\KESCM\ui\KESCMViewLookup.cpp">
         <Filter>Source Files</Filter>
      </ClCompile>
      <ClCompile Include="..\..\..\source\sdksamples\KESCM\ui\KESCMPeekGesture.cpp">
         <Filter>Source Files</Filter>
      </ClCompile>
      <ClCompile Include="..\..\..\source\sdksamples\KESCM\ui\KESCMCmykCursor.cpp">
         <Filter>Source Files</Filter>
      </ClCompile>
      <ClCompile Include="..\..\..\source\sdksamples\KESCM\ui\KESCMTrackerHud.cpp">
         <Filter>Source Files</Filter>
      </ClCompile>
      <ClCompile Include="..\..\..\source\sdksamples\KESCM\ui\KESCMThumbnailRefresh.cpp">
         <Filter>Source Files</Filter>
      </ClCompile>
      <ClCompile Include="..\..\..\source\sdksamples\KESCM\ui\KESCMThumbIdleTask.cpp">
         <Filter>Source Files</Filter>
      </ClCompile>
      <ClCompile Include="..\..\..\source\sdksamples\KESCM\ui\KESCMBookDialog.cpp">
         <Filter>Source Files</Filter>
      </ClCompile>
      <ClCompile Include="..\..\..\source\sdksamples\KESCM\ui\KESCMBookRun.cpp">
         <Filter>Source Files</Filter>
      </ClCompile>
      <ClCompile Include="..\..\..\source\sdksamples\KESCM\ui\KESCMBookOpen.cpp">
         <Filter>Source Files</Filter>
      </ClCompile>
      <ClCompile Include="..\..\..\source\sdksamples\KESCM\ui\KESCMBookPanelLookup.cpp">
         <Filter>Source Files</Filter>
      </ClCompile>
      <ClCompile Include="$(id_sdk_dir)\source\public\libs\publiclib\statics\PlugInStatics.cpp">
         <Filter>Source Files\Plugin</Filter>
      </ClCompile>
      <ClCompile Include="$(ID_SDK_DIR)\source\sdksamples\common\SDKPlugInEntrypoint.cpp">
         <Filter>Source Files\Plugin</Filter>
      </ClCompile>
      <ClCompile Include="..\..\..\source\sdksamples\KESCM\ui\KCMUIID.cpp">
         <Filter>Source Files\Plugin</Filter>
      </ClCompile>
      <ClCompile Include="..\..\..\source\sdksamples\KESCM\ui\KCMUINoStrip.cpp">
         <Filter>Source Files\Plugin</Filter>
      </ClCompile>
      <ClCompile Include="..\..\..\source\sdksamples\KESCM\ui\TriggerResourceDeps.cpp">
         <Filter>Source Files\Plugin</Filter>
      </ClCompile>
      <ClCompile Include="$(id_sdk_dir)\source\precomp\msvc\VCPlugInHeaders.cpp">
         <Filter>Source Files\Plugin</Filter>
      </ClCompile>
   </ItemGroup>
   <ItemGroup>
      <ClInclude Include="..\..\..\source\sdksamples\KESCM\ui\KCMUIID.h">
         <Filter>Header Files</Filter>
      </ClInclude>
      <ClInclude Include="..\..\..\source\sdksamples\KESCM\ui\KCMUIFactoryList.h">
         <Filter>Header Files</Filter>
      </ClInclude>
      <ClInclude Include="..\..\..\source\sdksamples\KESCM\ui\KESCMUIShared.h">
         <Filter>Header Files</Filter>
      </ClInclude>
      <ClInclude Include="..\..\..\source\sdksamples\KESCM\ui\KESCMStoryTree.h">
         <Filter>Header Files</Filter>
      </ClInclude>
      <ClInclude Include="..\..\..\source\sdksamples\KESCM\ui\KESCMStoryNodeID.h">
         <Filter>Header Files</Filter>
      </ClInclude>
      <ClInclude Include="..\..\..\source\sdksamples\KESCM\ui\KESCMCheckGlyph.h">
         <Filter>Header Files</Filter>
      </ClInclude>
      <ClInclude Include="..\..\..\source\sdksamples\KESCM\ui\KESCMBookTree.h">
         <Filter>Header Files</Filter>
      </ClInclude>
      <ClInclude Include="..\..\..\source\sdksamples\KESCM\ui\KESCMPanelAlpha.h">
         <Filter>Header Files</Filter>
      </ClInclude>
      <ClInclude Include="..\..\..\source\sdksamples\KESCM\ui\KESCMPathDisplay.h">
         <Filter>Header Files</Filter>
      </ClInclude>
      <ClInclude Include="..\..\..\source\sdksamples\KESCM\ui\KESCMPanelState.h">
         <Filter>Header Files</Filter>
      </ClInclude>
      <ClInclude Include="..\..\..\source\sdksamples\KESCM\ui\KESCMScrollMap.h">
         <Filter>Header Files</Filter>
      </ClInclude>
      <ClInclude Include="..\..\..\source\sdksamples\KESCM\ui\KESCMStorySection.h">
         <Filter>Header Files</Filter>
      </ClInclude>
      <ClInclude Include="..\..\..\source\sdksamples\KESCM\ui\KESCMStoryJump.h">
         <Filter>Header Files</Filter>
      </ClInclude>
      <ClInclude Include="..\..\..\source\sdksamples\KESCM\ui\KESCMChangeNav.h">
         <Filter>Header Files</Filter>
      </ClInclude>
      <ClInclude Include="..\..\..\source\sdksamples\KESCM\ui\KESCMViewSync.h">
         <Filter>Header Files</Filter>
      </ClInclude>
      <ClInclude Include="..\..\..\source\sdksamples\KESCM\ui\KESCMViewLookup.h">
         <Filter>Header Files</Filter>
      </ClInclude>
      <ClInclude Include="..\..\..\source\sdksamples\KESCM\ui\KESCMPeekGesture.h">
         <Filter>Header Files</Filter>
      </ClInclude>
      <ClInclude Include="..\..\..\source\sdksamples\KESCM\ui\KESCMCmykCursor.h">
         <Filter>Header Files</Filter>
      </ClInclude>
      <ClInclude Include="..\..\..\source\sdksamples\KESCM\ui\KESCMTrackerHud.h">
         <Filter>Header Files</Filter>
      </ClInclude>
      <ClInclude Include="..\..\..\source\sdksamples\KESCM\ui\KESCMThumbnailRefresh.h">
         <Filter>Header Files</Filter>
      </ClInclude>
      <ClInclude Include="..\..\..\source\sdksamples\KESCM\ui\KESCMThumbIdleTask.h">
         <Filter>Header Files</Filter>
      </ClInclude>
      <ClInclude Include="..\..\..\source\sdksamples\KESCM\ui\KESCMBookDialog.h">
         <Filter>Header Files</Filter>
      </ClInclude>
      <ClInclude Include="..\..\..\source\sdksamples\KESCM\ui\KESCMBookRun.h">
         <Filter>Header Files</Filter>
      </ClInclude>
      <ClInclude Include="..\..\..\source\sdksamples\KESCM\ui\KESCMBookOpen.h">
         <Filter>Header Files</Filter>
      </ClInclude>
      <ClInclude Include="..\..\..\source\sdksamples\KESCM\ui\KESCMBookPanelLookup.h">
         <Filter>Header Files</Filter>
      </ClInclude>
   </ItemGroup>
   <ItemGroup>
      <ResourceCompile Include="..\..\..\source\sdksamples\KESCM\ui\KCMUI.rc">
         <Filter>Resource Files</Filter>
      </ResourceCompile>
   </ItemGroup>
   <ItemGroup>
      <CustomBuild Include="..\..\..\source\sdksamples\KESCM\ui\KCMUI.fr">
         <Filter>Resource Files</Filter>
      </CustomBuild>
   </ItemGroup>
   <ItemGroup>
      <None Include="..\..\..\source\sdksamples\KESCM\ui\KCMUI_enUS.fr">
         <Filter>Resource Files</Filter>
      </None>
   </ItemGroup>
</Project>